
Microsoft Visual Studio Solution File, Format Version 12.00
# Visual Studio Version 17
VisualStudioVersion = 17.4.33205.214
MinimumVisualStudioVersion = 10.0.40219.1
Project("{FAE04EC0-301F-11D3-BF4B-00C04F79EFBC}") = "CRUDAPINETSix", "CRUDAPINETSix\CRUDAPINETSix.csproj", "{2EB05402-160D-42F6-9F87-84CE0B5FA234}"
EndProject
Global
	GlobalSection(SolutionConfigurationPlatforms) = preSolution
		Debug|Any CPU = Debug|Any CPU
		Release|Any CPU = Release|Any CPU
	EndGlobalSection
	GlobalSection(ProjectConfigurationPlatforms) = postSolution
		{2EB05402-160D-42F6-9F87-84CE0B5FA234}.Debug|Any CPU.ActiveCfg = Debug|Any CPU
		{2EB05402-160D-42F6-9F87-84CE0B5FA234}.Debug|Any CPU.Build.0 = Debug|Any CPU
		{2EB05402-160D-42F6-9F87-84CE0B5FA234}.Release|Any CPU.ActiveCfg = Release|Any CPU
		{2EB05402-160D-42F6-9F87-84CE0B5FA234}.Release|Any CPU.Build.0 = Release|Any CPU
	EndGlobalSection
	GlobalSection(SolutionProperties) = preSolution
		HideSolutionNode = FALSE
	EndGlobalSection
	GlobalSection(ExtensibilityGlobals) = postSolution
		SolutionGuid = {C59C77C1-C1EB-4A94-A5FB-0B64B9EE3176}
	EndGlobalSection
EndGlobal
